
Microsoft Visual Studio Solution File, Format Version 12.00
# Visual Studio Version 16
VisualStudioVersion = 16.0.31829.152
MinimumVisualStudioVersion = 10.0.40219.1
Project("{FAE04EC0-301F-11D3-BF4B-00C04F79EFBC}") = "Ptact_3G", "Ptact_3G\Ptact_3G.csproj", "{B1828DA4-9C0B-4441-83CB-120168C1C5CF}"
EndProject
Project("{FAE04EC0-301F-11D3-BF4B-00C04F79EFBC}") = "Lib_11", "Lib_11\Lib_11.csproj", "{1DF9EDEE-AC37-4369-BE6D-E35A0A7B4AE1}"
EndProject
Project("{FAE04EC0-301F-11D3-BF4B-00C04F79EFBC}") = "LibArray", "LibArray\LibArray.csproj", "{309B5343-6198-4EBC-AFFB-C28E308BDDA4}"
EndProject
Global
	GlobalSection(SolutionConfigurationPlatforms) = preSolution
		Debug|Any CPU = Debug|Any CPU
		Release|Any CPU = Release|Any CPU
	EndGlobalSection
	GlobalSection(ProjectConfigurationPlatforms) = postSolution
		{B1828DA4-9C0B-4441-83CB-120168C1C5CF}.Debug|Any CPU.ActiveCfg = Debug|Any CPU
		{B1828DA4-9C0B-4441-83CB-120168C1C5CF}.Debug|Any CPU.Build.0 = Debug|Any CPU
		{B1828DA4-9C0B-4441-83CB-120168C1C5CF}.Release|Any CPU.ActiveCfg = Release|Any CPU
		{B1828DA4-9C0B-4441-83CB-120168C1C5CF}.Release|Any CPU.Build.0 = Release|Any CPU
		{1DF9EDEE-AC37-4369-BE6D-E35A0A7B4AE1}.Debug|Any CPU.ActiveCfg = Debug|Any CPU
		{1DF9EDEE-AC37-4369-BE6D-E35A0A7B4AE1}.Debug|Any CPU.Build.0 = Debug|Any CPU
		{1DF9EDEE-AC37-4369-BE6D-E35A0A7B4AE1}.Release|Any CPU.ActiveCfg = Release|Any CPU
		{1DF9EDEE-AC37-4369-BE6D-E35A0A7B4AE1}.Release|Any CPU.Build.0 = Release|Any CPU
		{309B5343-6198-4EBC-AFFB-C28E308BDDA4}.Debug|Any CPU.ActiveCfg = Debug|Any CPU
		{309B5343-6198-4EBC-AFFB-C28E308BDDA4}.Debug|Any CPU.Build.0 = Debug|Any CPU
		{309B5343-6198-4EBC-AFFB-C28E308BDDA4}.Release|Any CPU.ActiveCfg = Release|Any CPU
		{309B5343-6198-4EBC-AFFB-C28E308BDDA4}.Release|Any CPU.Build.0 = Release|Any CPU
	EndGlobalSection
	GlobalSection(SolutionProperties) = preSolution
		HideSolutionNode = FALSE
	EndGlobalSection
	GlobalSection(ExtensibilityGlobals) = postSolution
		SolutionGuid = {242A5B34-02C1-4AA0-B039-BD75BF9DD232}
	EndGlobalSection
EndGlobal
